// !$*UTF8*$!
{
	archiveVersion = 1;
	classes = {
	};
	objectVersion = 56;
	objects = {

/* Begin PBXBuildFile section */
		57BA21B72B6CB8A000E5638D /* FHLCommon.docc in Sources */ = {isa = PBXBuildFile; fileRef = 57BA21B62B6CB8A000E5638D /* FHLCommon.docc */; };
		57BA21BD2B6CB8A000E5638D /* FHLCommon.framework in Frameworks */ = {isa = PBXBuildFile; fileRef = 57BA21B22B6CB8A000E5638D /* FHLCommon.framework */; };
		57BA21C22B6CB8A000E5638D /* FHLCommonTests.swift in Sources */ = {isa = PBXBuildFile; fileRef = 57BA21C12B6CB8A000E5638D /* FHLCommonTests.swift */; };
		57BA21C32B6CB8A000E5638D /* FHLCommon.h in Headers */ = {isa = PBXBuildFile; fileRef = 57BA21B52B6CB8A000E5638D /* FHLCommon.h */; settings = {ATTRIBUTES = (Public, ); }; };
		57BA21E42B6CBB5000E5638D /* SINQ.swift in Sources */ = {isa = PBXBuildFile; fileRef = 57BA21E32B6CBB5000E5638D /* SINQ.swift */; };
		57BA21FB2B6CBF2000E5638D /* OwningEventReference.swift in Sources */ = {isa = PBXBuildFile; fileRef = 57BA21EF2B6CBF2000E5638D /* OwningEventReference.swift */; };
		57BA21FC2B6CBF2000E5638D /* Event.swift in Sources */ = {isa = PBXBuildFile; fileRef = 57BA21F02B6CBF2000E5638D /* Event.swift */; };
		57BA21FD2B6CBF2000E5638D /* ObservableChainingProxy.swift in Sources */ = {isa = PBXBuildFile; fileRef = 57BA21F12B6CBF2000E5638D /* ObservableChainingProxy.swift */; };
		57BA21FE2B6CBF2000E5638D /* ObservableProxy.swift in Sources */ = {isa = PBXBuildFile; fileRef = 57BA21F22B6CBF2000E5638D /* ObservableProxy.swift */; };
		57BA21FF2B6CBF2000E5638D /* Protocols.swift in Sources */ = {isa = PBXBuildFile; fileRef = 57BA21F32B6CBF2000E5638D /* Protocols.swift */; };
		57BA22002B6CBF2000E5638D /* TupleObservable.swift in Sources */ = {isa = PBXBuildFile; fileRef = 57BA21F42B6CBF2000E5638D /* TupleObservable.swift */; };
		57BA22012B6CBF2000E5638D /* Observable.swift in Sources */ = {isa = PBXBuildFile; fileRef = 57BA21F52B6CBF2000E5638D /* Observable.swift */; };
		57BA22022B6CBF2000E5638D /* EventSubscription.swift in Sources */ = {isa = PBXBuildFile; fileRef = 57BA21F62B6CBF2000E5638D /* EventSubscription.swift */; };
		57BA22032B6CBF2000E5638D /* EventReference.swift in Sources */ = {isa = PBXBuildFile; fileRef = 57BA21F72B6CBF2000E5638D /* EventReference.swift */; };
		57BA22062B6CBF2000E5638D /* ObservableReference.swift in Sources */ = {isa = PBXBuildFile; fileRef = 57BA21FA2B6CBF2000E5638D /* ObservableReference.swift */; };
		57BA22092B6CC1F000E5638D /* DText.swift in Sources */ = {isa = PBXBuildFile; fileRef = 57BA22082B6CC1F000E5638D /* DText.swift */; };
		57BA220B2B6CC23000E5638D /* DFoot.swift in Sources */ = {isa = PBXBuildFile; fileRef = 57BA220A2B6CC23000E5638D /* DFoot.swift */; };
		57BA22102B6CC24500E5638D /* DText_others.swift in Sources */ = {isa = PBXBuildFile; fileRef = 57BA220C2B6CC24500E5638D /* DText_others.swift */; };
		57BA22112B6CC24500E5638D /* DText_Init.swift in Sources */ = {isa = PBXBuildFile; fileRef = 57BA220F2B6CC24500E5638D /* DText_Init.swift */; };
		57BA22122B6CC24500E5638D /* DText_Clone.swift in Sources */ = {isa = PBXBuildFile; fileRef = 57BA220E2B6CC24500E5638D /* DText_Clone.swift */; };
		57BA22132B6CC24500E5638D /* DText_IsTheSame.swift in Sources */ = {isa = PBXBuildFile; fileRef = 57BA220D2B6CC24500E5638D /* DText_IsTheSame.swift */; };
		57BA22162B6CC51C00E5638D /* DText_To_AttributedString.swift in Sources */ = {isa = PBXBuildFile; fileRef = 57BA22152B6CC51C00E5638D /* DText_To_AttributedString.swift */; };
		57BA22182B6CC56E00E5638D /* DTextDrawToAttributeString.swift in Sources */ = {isa = PBXBuildFile; fileRef = 57BA22172B6CC56E00E5638D /* DTextDrawToAttributeString.swift */; };
		57BA221A2B6CC7FA00E5638D /* EasyUIFont.swift in Sources */ = {isa = PBXBuildFile; fileRef = 57BA22192B6CC7FA00E5638D /* EasyUIFont.swift */; };
		57BA221C2B6CC82B00E5638D /* EasyStringAttributes.swift in Sources */ = {isa = PBXBuildFile; fileRef = 57BA221B2B6CC82B00E5638D /* EasyStringAttributes.swift */; };
		57BA221E2B6CC88300E5638D /* UIColor_Keywords.swift in Sources */ = {isa = PBXBuildFile; fileRef = 57BA221D2B6CC88300E5638D /* UIColor_Keywords.swift */; };
		57BA22212B6CE6AE00E5638D /* DAddress.swift in Sources */ = {isa = PBXBuildFile; fileRef = 57BA22202B6CE6AE00E5638D /* DAddress.swift */; };
		57BA22242B6DE6CE00E5638D /* DApiQsb.swift in Sources */ = {isa = PBXBuildFile; fileRef = 57BA22232B6DE6CE00E5638D /* DApiQsb.swift */; };
		57BA22262B6DE6E400E5638D /* FhlJson.swift in Sources */ = {isa = PBXBuildFile; fileRef = 57BA22252B6DE6E400E5638D /* FhlJson.swift */; };
		57BA22282B6DE71200E5638D /* fhlCore.swift in Sources */ = {isa = PBXBuildFile; fileRef = 57BA22272B6DE71200E5638D /* fhlCore.swift */; };
		57BA22322B6DE75100E5638D /* DApiSd.swift in Sources */ = {isa = PBXBuildFile; fileRef = 57BA22292B6DE75000E5638D /* DApiSd.swift */; };
		57BA22332B6DE75100E5638D /* DApiQp.swift in Sources */ = {isa = PBXBuildFile; fileRef = 57BA222A2B6DE75100E5638D /* DApiQp.swift */; };
		57BA22342B6DE75100E5638D /* DApiAu.swift in Sources */ = {isa = PBXBuildFile; fileRef = 57BA222B2B6DE75100E5638D /* DApiAu.swift */; };
		57BA22352B6DE75100E5638D /* DApiSbdag.swift in Sources */ = {isa = PBXBuildFile; fileRef = 57BA222C2B6DE75100E5638D /* DApiSbdag.swift */; };
		57BA22362B6DE75100E5638D /* DApiStwcbhdic.swift in Sources */ = {isa = PBXBuildFile; fileRef = 57BA222D2B6DE75100E5638D /* DApiStwcbhdic.swift */; };
		57BA22372B6DE75100E5638D /* uiabv.swift in Sources */ = {isa = PBXBuildFile; fileRef = 57BA222E2B6DE75100E5638D /* uiabv.swift */; };
		57BA22382B6DE75100E5638D /* DApiRt.swift in Sources */ = {isa = PBXBuildFile; fileRef = 57BA222F2B6DE75100E5638D /* DApiRt.swift */; };
		57BA22392B6DE75100E5638D /* DApiSc.swift in Sources */ = {isa = PBXBuildFile; fileRef = 57BA22302B6DE75100E5638D /* DApiSc.swift */; };
		57BA223A2B6DE75100E5638D /* DApiSe.swift in Sources */ = {isa = PBXBuildFile; fileRef = 57BA22312B6DE75100E5638D /* DApiSe.swift */; };
		57BA223F2B6DEAC900E5638D /* Regex.swift in Sources */ = {isa = PBXBuildFile; fileRef = 57BA223C2B6DEAC900E5638D /* Regex.swift */; };
		57BA22402B6DEAC900E5638D /* Date_fromString.swift in Sources */ = {isa = PBXBuildFile; fileRef = 57BA223D2B6DEAC900E5638D /* Date_fromString.swift */; };
		57BA22412B6DEAC900E5638D /* SplitByRegex.swift in Sources */ = {isa = PBXBuildFile; fileRef = 57BA223E2B6DEAC900E5638D /* SplitByRegex.swift */; };
		57BA22442B70B89300E5638D /* BookName.swift in Sources */ = {isa = PBXBuildFile; fileRef = 57BA22432B70B89300E5638D /* BookName.swift */; };
		57BA22462B70BA1800E5638D /* get_bookname_via_tp.swift in Sources */ = {isa = PBXBuildFile; fileRef = 57BA22452B70BA1800E5638D /* get_bookname_via_tp.swift */; };
		57BA22482B70BA8800E5638D /* BookNameLang.swift in Sources */ = {isa = PBXBuildFile; fileRef = 57BA22472B70BA8800E5638D /* BookNameLang.swift */; };
		57BA224A2B70BC1F00E5638D /* BookName_To_Id.swift in Sources */ = {isa = PBXBuildFile; fileRef = 57BA22492B70BC1F00E5638D /* BookName_To_Id.swift */; };
		57BA224E2B70C8B000E5638D /* BookNameAndId.swift in Sources */ = {isa = PBXBuildFile; fileRef = 57BA224D2B70C8B000E5638D /* BookNameAndId.swift */; };
		57BA22502B70C8E300E5638D /* BibleBookNameToId.swift in Sources */ = {isa = PBXBuildFile; fileRef = 57BA224F2B70C8E300E5638D /* BibleBookNameToId.swift */; };
/* End PBXBuildFile section */

/* Begin PBXContainerItemProxy section */
		57BA21BE2B6CB8A000E5638D /* PBXContainerItemProxy */ = {
			isa = PBXContainerItemProxy;
			containerPortal = 57BA21A92B6CB8A000E5638D /* Project object */;
			proxyType = 1;
			remoteGlobalIDString = 57BA21B12B6CB8A000E5638D;
			remoteInfo = FHLCommon;
		};
/* End PBXContainerItemProxy section */

/* Begin PBXFileReference section */
		57BA21B22B6CB8A000E5638D /* FHLCommon.framework */ = {isa = PBXFileReference; explicitFileType = wrapper.framework; includeInIndex = 0; path = FHLCommon.framework; sourceTree = BUILT_PRODUCTS_DIR; };
		57BA21B52B6CB8A000E5638D /* FHLCommon.h */ = {isa = PBXFileReference; lastKnownFileType = sourcecode.c.h; path = FHLCommon.h; sourceTree = "<group>"; };
		57BA21B62B6CB8A000E5638D /* FHLCommon.docc */ = {isa = PBXFileReference; lastKnownFileType = folder.documentationcatalog; path = FHLCommon.docc; sourceTree = "<group>"; };
		57BA21BC2B6CB8A000E5638D /* FHLCommonTests.xctest */ = {isa = PBXFileReference; explicitFileType = wrapper.cfbundle; includeInIndex = 0; path = FHLCommonTests.xctest; sourceTree = BUILT_PRODUCTS_DIR; };
		57BA21C12B6CB8A000E5638D /* FHLCommonTests.swift */ = {isa = PBXFileReference; lastKnownFileType = sourcecode.swift; path = FHLCommonTests.swift; sourceTree = "<group>"; };
		57BA21E32B6CBB5000E5638D /* SINQ.swift */ = {isa = PBXFileReference; fileEncoding = 4; lastKnownFileType = sourcecode.swift; path = SINQ.swift; sourceTree = "<group>"; };
		57BA21EF2B6CBF2000E5638D /* OwningEventReference.swift */ = {isa = PBXFileReference; fileEncoding = 4; lastKnownFileType = sourcecode.swift; path = OwningEventReference.swift; sourceTree = "<group>"; };
		57BA21F02B6CBF2000E5638D /* Event.swift */ = {isa = PBXFileReference; fileEncoding = 4; lastKnownFileType = sourcecode.swift; path = Event.swift; sourceTree = "<group>"; };
		57BA21F12B6CBF2000E5638D /* ObservableChainingProxy.swift */ = {isa = PBXFileReference; fileEncoding = 4; lastKnownFileType = sourcecode.swift; path = ObservableChainingProxy.swift; sourceTree = "<group>"; };
		57BA21F22B6CBF2000E5638D /* ObservableProxy.swift */ = {isa = PBXFileReference; fileEncoding = 4; lastKnownFileType = sourcecode.swift; path = ObservableProxy.swift; sourceTree = "<group>"; };
		57BA21F32B6CBF2000E5638D /* Protocols.swift */ = {isa = PBXFileReference; fileEncoding = 4; lastKnownFileType = sourcecode.swift; path = Protocols.swift; sourceTree = "<group>"; };
		57BA21F42B6CBF2000E5638D /* TupleObservable.swift */ = {isa = PBXFileReference; fileEncoding = 4; lastKnownFileType = sourcecode.swift; path = TupleObservable.swift; sourceTree = "<group>"; };
		57BA21F52B6CBF2000E5638D /* Observable.swift */ = {isa = PBXFileReference; fileEncoding = 4; lastKnownFileType = sourcecode.swift; path = Observable.swift; sourceTree = "<group>"; };
		57BA21F62B6CBF2000E5638D /* EventSubscription.swift */ = {isa = PBXFileReference; fileEncoding = 4; lastKnownFileType = sourcecode.swift; path = EventSubscription.swift; sourceTree = "<group>"; };
		57BA21F72B6CBF2000E5638D /* EventReference.swift */ = {isa = PBXFileReference; fileEncoding = 4; lastKnownFileType = sourcecode.swift; path = EventReference.swift; sourceTree = "<group>"; };
		57BA21FA2B6CBF2000E5638D /* ObservableReference.swift */ = {isa = PBXFileReference; fileEncoding = 4; lastKnownFileType = sourcecode.swift; path = ObservableReference.swift; sourceTree = "<group>"; };
		57BA22082B6CC1F000E5638D /* DText.swift */ = {isa = PBXFileReference; lastKnownFileType = sourcecode.swift; path = DText.swift; sourceTree = "<group>"; };
		57BA220A2B6CC23000E5638D /* DFoot.swift */ = {isa = PBXFileReference; lastKnownFileType = sourcecode.swift; path = DFoot.swift; sourceTree = "<group>"; };
		57BA220C2B6CC24500E5638D /* DText_others.swift */ = {isa = PBXFileReference; lastKnownFileType = sourcecode.swift; path = DText_others.swift; sourceTree = "<group>"; };
		57BA220D2B6CC24500E5638D /* DText_IsTheSame.swift */ = {isa = PBXFileReference; lastKnownFileType = sourcecode.swift; path = DText_IsTheSame.swift; sourceTree = "<group>"; };
		57BA220E2B6CC24500E5638D /* DText_Clone.swift */ = {isa = PBXFileReference; lastKnownFileType = sourcecode.swift; path = DText_Clone.swift; sourceTree = "<group>"; };
		57BA220F2B6CC24500E5638D /* DText_Init.swift */ = {isa = PBXFileReference; lastKnownFileType = sourcecode.swift; path = DText_Init.swift; sourceTree = "<group>"; };
		57BA22152B6CC51C00E5638D /* DText_To_AttributedString.swift */ = {isa = PBXFileReference; lastKnownFileType = sourcecode.swift; path = DText_To_AttributedString.swift; sourceTree = "<group>"; };
		57BA22172B6CC56E00E5638D /* DTextDrawToAttributeString.swift */ = {isa = PBXFileReference; fileEncoding = 4; lastKnownFileType = sourcecode.swift; path = DTextDrawToAttributeString.swift; sourceTree = "<group>"; };
		57BA22192B6CC7FA00E5638D /* EasyUIFont.swift */ = {isa = PBXFileReference; lastKnownFileType = sourcecode.swift; path = EasyUIFont.swift; sourceTree = "<group>"; };
		57BA221B2B6CC82B00E5638D /* EasyStringAttributes.swift */ = {isa = PBXFileReference; lastKnownFileType = sourcecode.swift; path = EasyStringAttributes.swift; sourceTree = "<group>"; };
		57BA221D2B6CC88300E5638D /* UIColor_Keywords.swift */ = {isa = PBXFileReference; lastKnownFileType = sourcecode.swift; path = UIColor_Keywords.swift; sourceTree = "<group>"; };
		57BA22202B6CE6AE00E5638D /* DAddress.swift */ = {isa = PBXFileReference; lastKnownFileType = sourcecode.swift; path = DAddress.swift; sourceTree = "<group>"; };
		57BA22232B6DE6CE00E5638D /* DApiQsb.swift */ = {isa = PBXFileReference; fileEncoding = 4; lastKnownFileType = sourcecode.swift; path = DApiQsb.swift; sourceTree = "<group>"; };
		57BA22252B6DE6E400E5638D /* FhlJson.swift */ = {isa = PBXFileReference; fileEncoding = 4; lastKnownFileType = sourcecode.swift; path = FhlJson.swift; sourceTree = "<group>"; };
		57BA22272B6DE71200E5638D /* fhlCore.swift */ = {isa = PBXFileReference; fileEncoding = 4; lastKnownFileType = sourcecode.swift; path = fhlCore.swift; sourceTree = "<group>"; };
		57BA22292B6DE75000E5638D /* DApiSd.swift */ = {isa = PBXFileReference; fileEncoding = 4; lastKnownFileType = sourcecode.swift; path = DApiSd.swift; sourceTree = "<group>"; };
		57BA222A2B6DE75100E5638D /* DApiQp.swift */ = {isa = PBXFileReference; fileEncoding = 4; lastKnownFileType = sourcecode.swift; path = DApiQp.swift; sourceTree = "<group>"; };
		57BA222B2B6DE75100E5638D /* DApiAu.swift */ = {isa = PBXFileReference; fileEncoding = 4; lastKnownFileType = sourcecode.swift; path = DApiAu.swift; sourceTree = "<group>"; };
		57BA222C2B6DE75100E5638D /* DApiSbdag.swift */ = {isa = PBXFileReference; fileEncoding = 4; lastKnownFileType = sourcecode.swift; path = DApiSbdag.swift; sourceTree = "<group>"; };
		57BA222D2B6DE75100E5638D /* DApiStwcbhdic.swift */ = {isa = PBXFileReference; fileEncoding = 4; lastKnownFileType = sourcecode.swift; path = DApiStwcbhdic.swift; sourceTree = "<group>"; };
		57BA222E2B6DE75100E5638D /* uiabv.swift */ = {isa = PBXFileReference; fileEncoding = 4; lastKnownFileType = sourcecode.swift; path = uiabv.swift; sourceTree = "<group>"; };
		57BA222F2B6DE75100E5638D /* DApiRt.swift */ = {isa = PBXFileReference; fileEncoding = 4; lastKnownFileType = sourcecode.swift; path = DApiRt.swift; sourceTree = "<group>"; };
		57BA22302B6DE75100E5638D /* DApiSc.swift */ = {isa = PBXFileReference; fileEncoding = 4; lastKnownFileType = sourcecode.swift; path = DApiSc.swift; sourceTree = "<group>"; };
		57BA22312B6DE75100E5638D /* DApiSe.swift */ = {isa = PBXFileReference; fileEncoding = 4; lastKnownFileType = sourcecode.swift; path = DApiSe.swift; sourceTree = "<group>"; };
		57BA223C2B6DEAC900E5638D /* Regex.swift */ = {isa = PBXFileReference; fileEncoding = 4; lastKnownFileType = sourcecode.swift; path = Regex.swift; sourceTree = "<group>"; };
		57BA223D2B6DEAC900E5638D /* Date_fromString.swift */ = {isa = PBXFileReference; fileEncoding = 4; lastKnownFileType = sourcecode.swift; path = Date_fromString.swift; sourceTree = "<group>"; };
		57BA223E2B6DEAC900E5638D /* SplitByRegex.swift */ = {isa = PBXFileReference; fileEncoding = 4; lastKnownFileType = sourcecode.swift; path = SplitByRegex.swift; sourceTree = "<group>"; };
		57BA22432B70B89300E5638D /* BookName.swift */ = {isa = PBXFileReference; lastKnownFileType = sourcecode.swift; path = BookName.swift; sourceTree = "<group>"; };
		57BA22452B70BA1800E5638D /* get_bookname_via_tp.swift */ = {isa = PBXFileReference; lastKnownFileType = sourcecode.swift; path = get_bookname_via_tp.swift; sourceTree = "<group>"; };
		57BA22472B70BA8800E5638D /* BookNameLang.swift */ = {isa = PBXFileReference; lastKnownFileType = sourcecode.swift; path = BookNameLang.swift; sourceTree = "<group>"; };
		57BA22492B70BC1F00E5638D /* BookName_To_Id.swift */ = {isa = PBXFileReference; lastKnownFileType = sourcecode.swift; path = BookName_To_Id.swift; sourceTree = "<group>"; };
		57BA224D2B70C8B000E5638D /* BookNameAndId.swift */ = {isa = PBXFileReference; lastKnownFileType = sourcecode.swift; path = BookNameAndId.swift; sourceTree = "<group>"; };
		57BA224F2B70C8E300E5638D /* BibleBookNameToId.swift */ = {isa = PBXFileReference; lastKnownFileType = sourcecode.swift; path = BibleBookNameToId.swift; sourceTree = "<group>"; };
/* End PBXFileReference section */

/* Begin PBXFrameworksBuildPhase section */
		57BA21AF2B6CB8A000E5638D /* Frameworks */ = {
			isa = PBXFrameworksBuildPhase;
			buildActionMask = 2147483647;
			files = (
			);
			runOnlyForDeploymentPostprocessing = 0;
		};
		57BA21B92B6CB8A000E5638D /* Frameworks */ = {
			isa = PBXFrameworksBuildPhase;
			buildActionMask = 2147483647;
			files = (
				57BA21BD2B6CB8A000E5638D /* FHLCommon.framework in Frameworks */,
			);
			runOnlyForDeploymentPostprocessing = 0;
		};
/* End PBXFrameworksBuildPhase section */

/* Begin PBXGroup section */
		57BA21A82B6CB8A000E5638D = {
			isa = PBXGroup;
			children = (
				57BA21B42B6CB8A000E5638D /* FHLCommon */,
				57BA21C02B6CB8A000E5638D /* FHLCommonTests */,
				57BA21B32B6CB8A000E5638D /* Products */,
			);
			sourceTree = "<group>";
		};
		57BA21B32B6CB8A000E5638D /* Products */ = {
			isa = PBXGroup;
			children = (
				57BA21B22B6CB8A000E5638D /* FHLCommon.framework */,
				57BA21BC2B6CB8A000E5638D /* FHLCommonTests.xctest */,
			);
			name = Products;
			sourceTree = "<group>";
		};
		57BA21B42B6CB8A000E5638D /* FHLCommon */ = {
			isa = PBXGroup;
			children = (
				57BA22422B70B87F00E5638D /* BookName */,
				57BA223B2B6DEAAD00E5638D /* BasicString */,
				57BA22222B6DE6AA00E5638D /* FHLApi */,
				57BA221F2B6CE69D00E5638D /* DAddress */,
				57BA22142B6CC50000E5638D /* DText_To_AttributedString */,
				57BA22072B6CC1CD00E5638D /* DText */,
				57BA21EE2B6CBF2000E5638D /* Observable-Swift */,
				57BA21E22B6CBB5000E5638D /* SINQ */,
				57BA21B52B6CB8A000E5638D /* FHLCommon.h */,
				57BA21B62B6CB8A000E5638D /* FHLCommon.docc */,
			);
			path = FHLCommon;
			sourceTree = "<group>";
		};
		57BA21C02B6CB8A000E5638D /* FHLCommonTests */ = {
			isa = PBXGroup;
			children = (
				57BA21C12B6CB8A000E5638D /* FHLCommonTests.swift */,
			);
			path = FHLCommonTests;
			sourceTree = "<group>";
		};
		57BA21E22B6CBB5000E5638D /* SINQ */ = {
			isa = PBXGroup;
			children = (
				57BA21E32B6CBB5000E5638D /* SINQ.swift */,
			);
			path = SINQ;
			sourceTree = "<group>";
		};
		57BA21EE2B6CBF2000E5638D /* Observable-Swift */ = {
			isa = PBXGroup;
			children = (
				57BA21EF2B6CBF2000E5638D /* OwningEventReference.swift */,
				57BA21F02B6CBF2000E5638D /* Event.swift */,
				57BA21F12B6CBF2000E5638D /* ObservableChainingProxy.swift */,
				57BA21F22B6CBF2000E5638D /* ObservableProxy.swift */,
				57BA21F32B6CBF2000E5638D /* Protocols.swift */,
				57BA21F42B6CBF2000E5638D /* TupleObservable.swift */,
				57BA21F52B6CBF2000E5638D /* Observable.swift */,
				57BA21F62B6CBF2000E5638D /* EventSubscription.swift */,
				57BA21F72B6CBF2000E5638D /* EventReference.swift */,
				57BA21FA2B6CBF2000E5638D /* ObservableReference.swift */,
			);
			path = "Observable-Swift";
			sourceTree = "<group>";
		};
		57BA22072B6CC1CD00E5638D /* DText */ = {
			isa = PBXGroup;
			children = (
				57BA22082B6CC1F000E5638D /* DText.swift */,
				57BA220A2B6CC23000E5638D /* DFoot.swift */,
				57BA220F2B6CC24500E5638D /* DText_Init.swift */,
				57BA220E2B6CC24500E5638D /* DText_Clone.swift */,
				57BA220D2B6CC24500E5638D /* DText_IsTheSame.swift */,
				57BA220C2B6CC24500E5638D /* DText_others.swift */,
			);
			path = DText;
			sourceTree = "<group>";
		};
		57BA22142B6CC50000E5638D /* DText_To_AttributedString */ = {
			isa = PBXGroup;
			children = (
				57BA22152B6CC51C00E5638D /* DText_To_AttributedString.swift */,
				57BA22172B6CC56E00E5638D /* DTextDrawToAttributeString.swift */,
				57BA22192B6CC7FA00E5638D /* EasyUIFont.swift */,
				57BA221B2B6CC82B00E5638D /* EasyStringAttributes.swift */,
				57BA221D2B6CC88300E5638D /* UIColor_Keywords.swift */,
			);
			path = DText_To_AttributedString;
			sourceTree = "<group>";
		};
		57BA221F2B6CE69D00E5638D /* DAddress */ = {
			isa = PBXGroup;
			children = (
				57BA22202B6CE6AE00E5638D /* DAddress.swift */,
			);
			path = DAddress;
			sourceTree = "<group>";
		};
		57BA22222B6DE6AA00E5638D /* FHLApi */ = {
			isa = PBXGroup;
			children = (
				57BA22272B6DE71200E5638D /* fhlCore.swift */,
				57BA22252B6DE6E400E5638D /* FhlJson.swift */,
				57BA22232B6DE6CE00E5638D /* DApiQsb.swift */,
				57BA222C2B6DE75100E5638D /* DApiSbdag.swift */,
				57BA222F2B6DE75100E5638D /* DApiRt.swift */,
				57BA222E2B6DE75100E5638D /* uiabv.swift */,
				57BA22292B6DE75000E5638D /* DApiSd.swift */,
				57BA22302B6DE75100E5638D /* DApiSc.swift */,
				57BA22312B6DE75100E5638D /* DApiSe.swift */,
				57BA222D2B6DE75100E5638D /* DApiStwcbhdic.swift */,
				57BA222A2B6DE75100E5638D /* DApiQp.swift */,
				57BA222B2B6DE75100E5638D /* DApiAu.swift */,
			);
			path = FHLApi;
			sourceTree = "<group>";
		};
		57BA223B2B6DEAAD00E5638D /* BasicString */ = {
			isa = PBXGroup;
			children = (
				57BA223D2B6DEAC900E5638D /* Date_fromString.swift */,
				57BA223E2B6DEAC900E5638D /* SplitByRegex.swift */,
				57BA223C2B6DEAC900E5638D /* Regex.swift */,
			);
			path = BasicString;
			sourceTree = "<group>";
		};
		57BA22422B70B87F00E5638D /* BookName */ = {
			isa = PBXGroup;
			children = (
				57BA22432B70B89300E5638D /* BookName.swift */,
				57BA224B2B70BFD700E5638D /* get_bookname_via_tp */,
				57BA224C2B70C05400E5638D /* get_id_from_bookname */,
			);
			path = BookName;
			sourceTree = "<group>";
		};
		57BA224B2B70BFD700E5638D /* get_bookname_via_tp */ = {
			isa = PBXGroup;
			children = (
				57BA22452B70BA1800E5638D /* get_bookname_via_tp.swift */,
				57BA22472B70BA8800E5638D /* BookNameLang.swift */,
			);
			path = get_bookname_via_tp;
			sourceTree = "<group>";
		};
		57BA224C2B70C05400E5638D /* get_id_from_bookname */ = {
			isa = PBXGroup;
			children = (
				57BA22492B70BC1F00E5638D /* BookName_To_Id.swift */,
				57BA224D2B70C8B000E5638D /* BookNameAndId.swift */,
				57BA224F2B70C8E300E5638D /* BibleBookNameToId.swift */,
			);
			path = get_id_from_bookname;
			sourceTree = "<group>";
		};
/* End PBXGroup section */

/* Begin PBXHeadersBuildPhase section */
		57BA21AD2B6CB8A000E5638D /* Headers */ = {
			isa = PBXHeadersBuildPhase;
			buildActionMask = 2147483647;
			files = (
				57BA21C32B6CB8A000E5638D /* FHLCommon.h in Headers */,
			);
			runOnlyForDeploymentPostprocessing = 0;
		};
/* End PBXHeadersBuildPhase section */

/* Begin PBXNativeTarget section */
		57BA21B12B6CB8A000E5638D /* FHLCommon */ = {
			isa = PBXNativeTarget;
			buildConfigurationList = 57BA21C62B6CB8A000E5638D /* Build configuration list for PBXNativeTarget "FHLCommon" */;
			buildPhases = (
				57BA21AD2B6CB8A000E5638D /* Headers */,
				57BA21AE2B6CB8A000E5638D /* Sources */,
				57BA21AF2B6CB8A000E5638D /* Frameworks */,
				57BA21B02B6CB8A000E5638D /* Resources */,
			);
			buildRules = (
			);
			dependencies = (
			);
			name = FHLCommon;
			productName = FHLCommon;
			productReference = 57BA21B22B6CB8A000E5638D /* FHLCommon.framework */;
			productType = "com.apple.product-type.framework";
		};
		57BA21BB2B6CB8A000E5638D /* FHLCommonTests */ = {
			isa = PBXNativeTarget;
			buildConfigurationList = 57BA21C92B6CB8A000E5638D /* Build configuration list for PBXNativeTarget "FHLCommonTests" */;
			buildPhases = (
				57BA21B82B6CB8A000E5638D /* Sources */,
				57BA21B92B6CB8A000E5638D /* Frameworks */,
				57BA21BA2B6CB8A000E5638D /* Resources */,
			);
			buildRules = (
			);
			dependencies = (
				57BA21BF2B6CB8A000E5638D /* PBXTargetDependency */,
			);
			name = FHLCommonTests;
			productName = FHLCommonTests;
			productReference = 57BA21BC2B6CB8A000E5638D /* FHLCommonTests.xctest */;
			productType = "com.apple.product-type.bundle.unit-test";
		};
/* End PBXNativeTarget section */

/* Begin PBXProject section */
		57BA21A92B6CB8A000E5638D /* Project object */ = {
			isa = PBXProject;
			attributes = {
				BuildIndependentTargetsInParallel = 1;
				LastSwiftUpdateCheck = 1430;
				LastUpgradeCheck = 1430;
				TargetAttributes = {
					57BA21B12B6CB8A000E5638D = {
						CreatedOnToolsVersion = 14.3;
					};
					57BA21BB2B6CB8A000E5638D = {
						CreatedOnToolsVersion = 14.3;
					};
				};
			};
			buildConfigurationList = 57BA21AC2B6CB8A000E5638D /* Build configuration list for PBXProject "FHLCommon" */;
			compatibilityVersion = "Xcode 14.0";
			developmentRegion = en;
			hasScannedForEncodings = 0;
			knownRegions = (
				en,
				Base,
			);
			mainGroup = 57BA21A82B6CB8A000E5638D;
			productRefGroup = 57BA21B32B6CB8A000E5638D /* Products */;
			projectDirPath = "";
			projectRoot = "";
			targets = (
				57BA21B12B6CB8A000E5638D /* FHLCommon */,
				57BA21BB2B6CB8A000E5638D /* FHLCommonTests */,
			);
		};
/* End PBXProject section */

/* Begin PBXResourcesBuildPhase section */
		57BA21B02B6CB8A000E5638D /* Resources */ = {
			isa = PBXResourcesBuildPhase;
			buildActionMask = 2147483647;
			files = (
			);
			runOnlyForDeploymentPostprocessing = 0;
		};
		57BA21BA2B6CB8A000E5638D /* Resources */ = {
			isa = PBXResourcesBuildPhase;
			buildActionMask = 2147483647;
			files = (
			);
			runOnlyForDeploymentPostprocessing = 0;
		};
/* End PBXResourcesBuildPhase section */

/* Begin PBXSourcesBuildPhase section */
		57BA21AE2B6CB8A000E5638D /* Sources */ = {
			isa = PBXSourcesBuildPhase;
			buildActionMask = 2147483647;
			files = (
				57BA22392B6DE75100E5638D /* DApiSc.swift in Sources */,
				57BA21FC2B6CBF2000E5638D /* Event.swift in Sources */,
				57BA221E2B6CC88300E5638D /* UIColor_Keywords.swift in Sources */,
				57BA22482B70BA8800E5638D /* BookNameLang.swift in Sources */,
				57BA22332B6DE75100E5638D /* DApiQp.swift in Sources */,
				57BA22352B6DE75100E5638D /* DApiSbdag.swift in Sources */,
				57BA22442B70B89300E5638D /* BookName.swift in Sources */,
				57BA21FB2B6CBF2000E5638D /* OwningEventReference.swift in Sources */,
				57BA22402B6DEAC900E5638D /* Date_fromString.swift in Sources */,
				57BA22122B6CC24500E5638D /* DText_Clone.swift in Sources */,
				57BA224A2B70BC1F00E5638D /* BookName_To_Id.swift in Sources */,
				57BA22412B6DEAC900E5638D /* SplitByRegex.swift in Sources */,
				57BA21FF2B6CBF2000E5638D /* Protocols.swift in Sources */,
				57BA22362B6DE75100E5638D /* DApiStwcbhdic.swift in Sources */,
				57BA21E42B6CBB5000E5638D /* SINQ.swift in Sources */,
				57BA22372B6DE75100E5638D /* uiabv.swift in Sources */,
				57BA220B2B6CC23000E5638D /* DFoot.swift in Sources */,
				57BA22062B6CBF2000E5638D /* ObservableReference.swift in Sources */,
				57BA223A2B6DE75100E5638D /* DApiSe.swift in Sources */,
				57BA22132B6CC24500E5638D /* DText_IsTheSame.swift in Sources */,
				57BA22012B6CBF2000E5638D /* Observable.swift in Sources */,
				57BA22242B6DE6CE00E5638D /* DApiQsb.swift in Sources */,
				57BA22112B6CC24500E5638D /* DText_Init.swift in Sources */,
				57BA22322B6DE75100E5638D /* DApiSd.swift in Sources */,
				57BA22262B6DE6E400E5638D /* FhlJson.swift in Sources */,
				57BA22162B6CC51C00E5638D /* DText_To_AttributedString.swift in Sources */,
				57BA221A2B6CC7FA00E5638D /* EasyUIFont.swift in Sources */,
				57BA22282B6DE71200E5638D /* fhlCore.swift in Sources */,
				57BA21B72B6CB8A000E5638D /* FHLCommon.docc in Sources */,
				57BA22182B6CC56E00E5638D /* DTextDrawToAttributeString.swift in Sources */,
				57BA22092B6CC1F000E5638D /* DText.swift in Sources */,
				57BA223F2B6DEAC900E5638D /* Regex.swift in Sources */,
				57BA21FD2B6CBF2000E5638D /* ObservableChainingProxy.swift in Sources */,
				57BA22382B6DE75100E5638D /* DApiRt.swift in Sources */,
				57BA224E2B70C8B000E5638D /* BookNameAndId.swift in Sources */,
				57BA21FE2B6CBF2000E5638D /* ObservableProxy.swift in Sources */,
				57BA22032B6CBF2000E5638D /* EventReference.swift in Sources */,
				57BA22502B70C8E300E5638D /* BibleBookNameToId.swift in Sources */,
				57BA22212B6CE6AE00E5638D /* DAddress.swift in Sources */,
				57BA22002B6CBF2000E5638D /* TupleObservable.swift in Sources */,
				57BA22102B6CC24500E5638D /* DText_others.swift in Sources */,
				57BA22462B70BA1800E5638D /* get_bookname_via_tp.swift in Sources */,
				57BA221C2B6CC82B00E5638D /* EasyStringAttributes.swift in Sources */,
				57BA22022B6CBF2000E5638D /* EventSubscription.swift in Sources */,
				57BA22342B6DE75100E5638D /* DApiAu.swift in Sources */,
			);
			runOnlyForDeploymentPostprocessing = 0;
		};
		57BA21B82B6CB8A000E5638D /* Sources */ = {
			isa = PBXSourcesBuildPhase;
			buildActionMask = 2147483647;
			files = (
				57BA21C22B6CB8A000E5638D /* FHLCommonTests.swift in Sources */,
			);
			runOnlyForDeploymentPostprocessing = 0;
		};
/* End PBXSourcesBuildPhase section */

/* Begin PBXTargetDependency section */
		57BA21BF2B6CB8A000E5638D /* PBXTargetDependency */ = {
			isa = PBXTargetDependency;
			target = 57BA21B12B6CB8A000E5638D /* FHLCommon */;
			targetProxy = 57BA21BE2B6CB8A000E5638D /* PBXContainerItemProxy */;
		};
/* End PBXTargetDependency section */

/* Begin XCBuildConfiguration section */
		57BA21C42B6CB8A000E5638D /* Debug */ = {
			isa = XCBuildConfiguration;
			buildSettings = {
				ALWAYS_SEARCH_USER_PATHS = NO;
				CLANG_ANALYZER_NONNULL = YES;
				CLANG_ANALYZER_NUMBER_OBJECT_CONVERSION = YES_AGGRESSIVE;
				CLANG_CXX_LANGUAGE_STANDARD = "gnu++20";
				CLANG_ENABLE_MODULES = YES;
				CLANG_ENABLE_OBJC_ARC = YES;
				CLANG_ENABLE_OBJC_WEAK = YES;
				CLANG_WARN_BLOCK_CAPTURE_AUTORELEASING = YES;
				CLANG_WARN_BOOL_CONVERSION = YES;
				CLANG_WARN_COMMA = YES;
				CLANG_WARN_CONSTANT_CONVERSION = YES;
				CLANG_WARN_DEPRECATED_OBJC_IMPLEMENTATIONS = YES;
				CLANG_WARN_DIRECT_OBJC_ISA_USAGE = YES_ERROR;
				CLANG_WARN_DOCUMENTATION_COMMENTS = YES;
				CLANG_WARN_EMPTY_BODY = YES;
				CLANG_WARN_ENUM_CONVERSION = YES;
				CLANG_WARN_INFINITE_RECURSION = YES;
				CLANG_WARN_INT_CONVERSION = YES;
				CLANG_WARN_NON_LITERAL_NULL_CONVERSION = YES;
				CLANG_WARN_OBJC_IMPLICIT_RETAIN_SELF = YES;
				CLANG_WARN_OBJC_LITERAL_CONVERSION = YES;
				CLANG_WARN_OBJC_ROOT_CLASS = YES_ERROR;
				CLANG_WARN_QUOTED_INCLUDE_IN_FRAMEWORK_HEADER = YES;
				CLANG_WARN_RANGE_LOOP_ANALYSIS = YES;
				CLANG_WARN_STRICT_PROTOTYPES = YES;
				CLANG_WARN_SUSPICIOUS_MOVE = YES;
				CLANG_WARN_UNGUARDED_AVAILABILITY = YES_AGGRESSIVE;
				CLANG_WARN_UNREACHABLE_CODE = YES;
				CLANG_WARN__DUPLICATE_METHOD_MATCH = YES;
				COPY_PHASE_STRIP = NO;
				CURRENT_PROJECT_VERSION = 1;
				DEBUG_INFORMATION_FORMAT = dwarf;
				ENABLE_STRICT_OBJC_MSGSEND = YES;
				ENABLE_TESTABILITY = YES;
				GCC_C_LANGUAGE_STANDARD = gnu11;
				GCC_DYNAMIC_NO_PIC = NO;
				GCC_NO_COMMON_BLOCKS = YES;
				GCC_OPTIMIZATION_LEVEL = 0;
				GCC_PREPROCESSOR_DEFINITIONS = (
					"DEBUG=1",
					"$(inherited)",
				);
				GCC_WARN_64_TO_32_BIT_CONVERSION = YES;
				GCC_WARN_ABOUT_RETURN_TYPE = YES_ERROR;
				GCC_WARN_UNDECLARED_SELECTOR = YES;
				GCC_WARN_UNINITIALIZED_AUTOS = YES_AGGRESSIVE;
				GCC_WARN_UNUSED_FUNCTION = YES;
				GCC_WARN_UNUSED_VARIABLE = YES;
				IPHONEOS_DEPLOYMENT_TARGET = 14.0;
				MTL_ENABLE_DEBUG_INFO = INCLUDE_SOURCE;
				MTL_FAST_MATH = YES;
				ONLY_ACTIVE_ARCH = YES;
				SDKROOT = iphoneos;
				SWIFT_ACTIVE_COMPILATION_CONDITIONS = DEBUG;
				SWIFT_OPTIMIZATION_LEVEL = "-Onone";
				VERSIONING_SYSTEM = "apple-generic";
				VERSION_INFO_PREFIX = "";
			};
			name = Debug;
		};
		57BA21C52B6CB8A000E5638D /* Release */ = {
			isa = XCBuildConfiguration;
			buildSettings = {
				ALWAYS_SEARCH_USER_PATHS = NO;
				CLANG_ANALYZER_NONNULL = YES;
				CLANG_ANALYZER_NUMBER_OBJECT_CONVERSION = YES_AGGRESSIVE;
				CLANG_CXX_LANGUAGE_STANDARD = "gnu++20";
				CLANG_ENABLE_MODULES = YES;
				CLANG_ENABLE_OBJC_ARC = YES;
				CLANG_ENABLE_OBJC_WEAK = YES;
				CLANG_WARN_BLOCK_CAPTURE_AUTORELEASING = YES;
				CLANG_WARN_BOOL_CONVERSION = YES;
				CLANG_WARN_COMMA = YES;
				CLANG_WARN_CONSTANT_CONVERSION = YES;
				CLANG_WARN_DEPRECATED_OBJC_IMPLEMENTATIONS = YES;
				CLANG_WARN_DIRECT_OBJC_ISA_USAGE = YES_ERROR;
				CLANG_WARN_DOCUMENTATION_COMMENTS = YES;
				CLANG_WARN_EMPTY_BODY = YES;
				CLANG_WARN_ENUM_CONVERSION = YES;
				CLANG_WARN_INFINITE_RECURSION = YES;
				CLANG_WARN_INT_CONVERSION = YES;
				CLANG_WARN_NON_LITERAL_NULL_CONVERSION = YES;
				CLANG_WARN_OBJC_IMPLICIT_RETAIN_SELF = YES;
				CLANG_WARN_OBJC_LITERAL_CONVERSION = YES;
				CLANG_WARN_OBJC_ROOT_CLASS = YES_ERROR;
				CLANG_WARN_QUOTED_INCLUDE_IN_FRAMEWORK_HEADER = YES;
				CLANG_WARN_RANGE_LOOP_ANALYSIS = YES;
				CLANG_WARN_STRICT_PROTOTYPES = YES;
				CLANG_WARN_SUSPICIOUS_MOVE = YES;
				CLANG_WARN_UNGUARDED_AVAILABILITY = YES_AGGRESSIVE;
				CLANG_WARN_UNREACHABLE_CODE = YES;
				CLANG_WARN__DUPLICATE_METHOD_MATCH = YES;
				COPY_PHASE_STRIP = NO;
				CURRENT_PROJECT_VERSION = 1;
				DEBUG_INFORMATION_FORMAT = "dwarf-with-dsym";
				ENABLE_NS_ASSERTIONS = NO;
				ENABLE_STRICT_OBJC_MSGSEND = YES;
				GCC_C_LANGUAGE_STANDARD = gnu11;
				GCC_NO_COMMON_BLOCKS = YES;
				GCC_WARN_64_TO_32_BIT_CONVERSION = YES;
				GCC_WARN_ABOUT_RETURN_TYPE = YES_ERROR;
				GCC_WARN_UNDECLARED_SELECTOR = YES;
				GCC_WARN_UNINITIALIZED_AUTOS = YES_AGGRESSIVE;
				GCC_WARN_UNUSED_FUNCTION = YES;
				GCC_WARN_UNUSED_VARIABLE = YES;
				IPHONEOS_DEPLOYMENT_TARGET = 14.0;
				MTL_ENABLE_DEBUG_INFO = NO;
				MTL_FAST_MATH = YES;
				SDKROOT = iphoneos;
				SWIFT_COMPILATION_MODE = wholemodule;
				SWIFT_OPTIMIZATION_LEVEL = "-O";
				VALIDATE_PRODUCT = YES;
				VERSIONING_SYSTEM = "apple-generic";
				VERSION_INFO_PREFIX = "";
			};
			name = Release;
		};
		57BA21C72B6CB8A000E5638D /* Debug */ = {
			isa = XCBuildConfiguration;
			buildSettings = {
				CODE_SIGN_STYLE = Automatic;
				CURRENT_PROJECT_VERSION = 1;
				DEFINES_MODULE = YES;
				DEVELOPMENT_TEAM = SF45W7PV99;
				DYLIB_COMPATIBILITY_VERSION = 1;
				DYLIB_CURRENT_VERSION = 1;
				DYLIB_INSTALL_NAME_BASE = "@rpath";
				ENABLE_MODULE_VERIFIER = YES;
				GENERATE_INFOPLIST_FILE = YES;
				INFOPLIST_KEY_NSHumanReadableCopyright = "";
				INSTALL_PATH = "$(LOCAL_LIBRARY_DIR)/Frameworks";
				IPHONEOS_DEPLOYMENT_TARGET = 14.0;
				LD_RUNPATH_SEARCH_PATHS = (
					"$(inherited)",
					"@executable_path/Frameworks",
					"@loader_path/Frameworks",
				);
				MARKETING_VERSION = 1.0;
				MODULE_VERIFIER_SUPPORTED_LANGUAGES = "objective-c objective-c++";
				MODULE_VERIFIER_SUPPORTED_LANGUAGE_STANDARDS = "gnu11 gnu++20";
				PRODUCT_BUNDLE_IDENTIFIER = IJN.FHLCommon;
				PRODUCT_NAME = "$(TARGET_NAME:c99extidentifier)";
				SKIP_INSTALL = YES;
				SWIFT_EMIT_LOC_STRINGS = YES;
				SWIFT_VERSION = 5.0;
				TARGETED_DEVICE_FAMILY = "1,2";
			};
			name = Debug;
		};
		57BA21C82B6CB8A000E5638D /* Release */ = {
			isa = XCBuildConfiguration;
			buildSettings = {
				CODE_SIGN_STYLE = Automatic;
				CURRENT_PROJECT_VERSION = 1;
				DEFINES_MODULE = YES;
				DEVELOPMENT_TEAM = SF45W7PV99;
				DYLIB_COMPATIBILITY_VERSION = 1;
				DYLIB_CURRENT_VERSION = 1;
				DYLIB_INSTALL_NAME_BASE = "@rpath";
				ENABLE_MODULE_VERIFIER = YES;
				GENERATE_INFOPLIST_FILE = YES;
				INFOPLIST_KEY_NSHumanReadableCopyright = "";
				INSTALL_PATH = "$(LOCAL_LIBRARY_DIR)/Frameworks";
				IPHONEOS_DEPLOYMENT_TARGET = 14.0;
				LD_RUNPATH_SEARCH_PATHS = (
					"$(inherited)",
					"@executable_path/Frameworks",
					"@loader_path/Frameworks",
				);
				MARKETING_VERSION = 1.0;
				MODULE_VERIFIER_SUPPORTED_LANGUAGES = "objective-c objective-c++";
				MODULE_VERIFIER_SUPPORTED_LANGUAGE_STANDARDS = "gnu11 gnu++20";
				PRODUCT_BUNDLE_IDENTIFIER = IJN.FHLCommon;
				PRODUCT_NAME = "$(TARGET_NAME:c99extidentifier)";
				SKIP_INSTALL = YES;
				SWIFT_EMIT_LOC_STRINGS = YES;
				SWIFT_VERSION = 5.0;
				TARGETED_DEVICE_FAMILY = "1,2";
			};
			name = Release;
		};
		57BA21CA2B6CB8A000E5638D /* Debug */ = {
			isa = XCBuildConfiguration;
			buildSettings = {
				ALWAYS_EMBED_SWIFT_STANDARD_LIBRARIES = YES;
				CODE_SIGN_STYLE = Automatic;
				CURRENT_PROJECT_VERSION = 1;
				DEVELOPMENT_TEAM = SF45W7PV99;
				GENERATE_INFOPLIST_FILE = YES;
				MARKETING_VERSION = 1.0;
				PRODUCT_BUNDLE_IDENTIFIER = IJN.FHLCommonTests;
				PRODUCT_NAME = "$(TARGET_NAME)";
				SWIFT_EMIT_LOC_STRINGS = NO;
				SWIFT_VERSION = 5.0;
				TARGETED_DEVICE_FAMILY = "1,2";
			};
			name = Debug;
		};
		57BA21CB2B6CB8A000E5638D /* Release */ = {
			isa = XCBuildConfiguration;
			buildSettings = {
				ALWAYS_EMBED_SWIFT_STANDARD_LIBRARIES = YES;
				CODE_SIGN_STYLE = Automatic;
				CURRENT_PROJECT_VERSION = 1;
				DEVELOPMENT_TEAM = SF45W7PV99;
				GENERATE_INFOPLIST_FILE = YES;
				MARKETING_VERSION = 1.0;
				PRODUCT_BUNDLE_IDENTIFIER = IJN.FHLCommonTests;
				PRODUCT_NAME = "$(TARGET_NAME)";
				SWIFT_EMIT_LOC_STRINGS = NO;
				SWIFT_VERSION = 5.0;
				TARGETED_DEVICE_FAMILY = "1,2";
			};
			name = Release;
		};
/* End XCBuildConfiguration section */

/* Begin XCConfigurationList section */
		57BA21AC2B6CB8A000E5638D /* Build configuration list for PBXProject "FHLCommon" */ = {
			isa = XCConfigurationList;
			buildConfigurations = (
				57BA21C42B6CB8A000E5638D /* Debug */,
				57BA21C52B6CB8A000E5638D /* Release */,
			);
			defaultConfigurationIsVisible = 0;
			defaultConfigurationName = Release;
		};
		57BA21C62B6CB8A000E5638D /* Build configuration list for PBXNativeTarget "FHLCommon" */ = {
			isa = XCConfigurationList;
			buildConfigurations = (
				57BA21C72B6CB8A000E5638D /* Debug */,
				57BA21C82B6CB8A000E5638D /* Release */,
			);
			defaultConfigurationIsVisible = 0;
			defaultConfigurationName = Release;
		};
		57BA21C92B6CB8A000E5638D /* Build configuration list for PBXNativeTarget "FHLCommonTests" */ = {
			isa = XCConfigurationList;
			buildConfigurations = (
				57BA21CA2B6CB8A000E5638D /* Debug */,
				57BA21CB2B6CB8A000E5638D /* Release */,
			);
			defaultConfigurationIsVisible = 0;
			defaultConfigurationName = Release;
		};
/* End XCConfigurationList section */
	};
	rootObject = 57BA21A92B6CB8A000E5638D /* Project object */;
}
